gioui.org v0.8.0 h1:QV5p5JvsmSmGiIXVYOKn6d9YDliTfjtLlVf5J+BZ9Pg=
gioui.org v0.8.0/go.mod h1:vEMmpxMOd/iwJhXvGVIzWEbxMWhnMQ9aByOGQdlQ8rc=
gioui.org/cpu v0.0.0-20220412190645-f1e9e8c3b1f7 h1:tNJdnP5CgM39PRc+KWmBRRYX/zJ+rd5XaYxY5d5veqA=
gioui.org/cpu v0.0.0-20220412190645-f1e9e8c3b1f7/go.mod h1:A8M0Cn5o+vY5LTMlnRoK3O5kG+rH0kWfJjeKd9QpBmQ=
github.com/arsmn/auto-struct v0.1.0 h1:Yw9GveUC4dlXlzJq7fClmuV1T0Rq3F7fMrK4jPB30Bs=
github.com/arsmn/auto-struct v0.1.0/go.mod h1:6zb2EYHnkICaMf0f6qKQ95akz+fSgNzleVx+OZZFkpU=
github.com/mark3labs/mcp-go v0.33.0 h1:naxhjnTIs/tyPZmWUZFuG0lDmdA6sUyYGGf3gsHvTCc=
github.com/mark3labs/mcp-go v0.33.0/go.mod h1:rXqOudj/djTORU/ThxYx8fqEVj/5pvTuuebQ2RC7uk4=
